
Microsoft Visual Studio Solution File, Format Version 12.00
# Visual Studio Version 16
VisualStudioVersion = 16.0.30717.126
MinimumVisualStudioVersion = 10.0.40219.1
Project("{FAE04EC0-301F-11D3-BF4B-00C04F79EFBC}") = "WindowsFormsApp1", "WindowsFormsApp1\WindowsFormsApp1.csproj", "{C65E451E-B931-4F3E-BB3D-C84628F367ED}"
EndProject
Global
	GlobalSection(SolutionConfigurationPlatforms) = preSolution
		Debug|Any CPU = Debug|Any CPU
		Release|Any CPU = Release|Any CPU
	EndGlobalSection
	GlobalSection(ProjectConfigurationPlatforms) = postSolution
		{C65E451E-B931-4F3E-BB3D-C84628F367ED}.Debug|Any CPU.ActiveCfg = Debug|Any CPU
		{C65E451E-B931-4F3E-BB3D-C84628F367ED}.Debug|Any CPU.Build.0 = Debug|Any CPU
		{C65E451E-B931-4F3E-BB3D-C84628F367ED}.Release|Any CPU.ActiveCfg = Release|Any CPU
		{C65E451E-B931-4F3E-BB3D-C84628F367ED}.Release|Any CPU.Build.0 = Release|Any CPU
	EndGlobalSection
	GlobalSection(SolutionProperties) = preSolution
		HideSolutionNode = FALSE
	EndGlobalSection
	GlobalSection(ExtensibilityGlobals) = postSolution
		SolutionGuid = {F85CCDFE-EF46-49D4-A4EE-8A73B8E2E6E1}
	EndGlobalSection
EndGlobal
